// !$*UTF8*$!
{
	archiveVersion = 1;
	classes = {
	};
	objectVersion = 50;
	objects = {

/* Begin PBXBuildFile section */
		1606116F2260B29F003CE493 /* AppDelegate.swift in Sources */ = {isa = PBXBuildFile; fileRef = 1606116E2260B29F003CE493 /* AppDelegate.swift */; };
		160611712260B29F003CE493 /* ViewController.swift in Sources */ = {isa = PBXBuildFile; fileRef = 160611702260B29F003CE493 /* ViewController.swift */; };
		160611742260B29F003CE493 /* Main.storyboard in Resources */ = {isa = PBXBuildFile; fileRef = 160611722260B29F003CE493 /* Main.storyboard */; };
		160611762260B2A0003CE493 /* Assets.xcassets in Resources */ = {isa = PBXBuildFile; fileRef = 160611752260B2A0003CE493 /* Assets.xcassets */; };
		160611792260B2A0003CE493 /* LaunchScreen.storyboard in Resources */ = {isa = PBXBuildFile; fileRef = 160611772260B2A0003CE493 /* LaunchScreen.storyboard */; };
		16D2ED4B2271D34D00C4D131 /* SettingViewController.swift in Sources */ = {isa = PBXBuildFile; fileRef = 16D2ED4A2271D34D00C4D131 /* SettingViewController.swift */; };
		16D2ED4D2271DDC000C4D131 /* ProfileViewController.swift in Sources */ = {isa = PBXBuildFile; fileRef = 16D2ED4C2271DDC000C4D131 /* ProfileViewController.swift */; };
		16D2ED4F2271E04300C4D131 /* RemainderViewController.swift in Sources */ = {isa = PBXBuildFile; fileRef = 16D2ED4E2271E04300C4D131 /* RemainderViewController.swift */; };
		16D2ED532271E90800C4D131 /* FAQViewController.swift in Sources */ = {isa = PBXBuildFile; fileRef = 16D2ED522271E90800C4D131 /* FAQViewController.swift */; };
		16D2ED552271E9AD00C4D131 /* AboutUsViewController.swift in Sources */ = {isa = PBXBuildFile; fileRef = 16D2ED542271E9AD00C4D131 /* AboutUsViewController.swift */; };
		16DB03392272E90A003EEDE3 /* HomeViewController.swift in Sources */ = {isa = PBXBuildFile; fileRef = 16DB03382272E90A003EEDE3 /* HomeViewController.swift */; };
		E9976337F1A77419BF6C79E9 /* Pods_TabBar_Custom.framework in Frameworks */ = {isa = PBXBuildFile; fileRef = 09CB664CAF63C229AC4C21DD /* Pods_TabBar_Custom.framework */; };
/* End PBXBuildFile section */

/* Begin PBXFileReference section */
		09CB664CAF63C229AC4C21DD /* Pods_TabBar_Custom.framework */ = {isa = PBXFileReference; explicitFileType = wrapper.framework; includeInIndex = 0; path = Pods_TabBar_Custom.framework; sourceTree = BUILT_PRODUCTS_DIR; };
		0CE427133AC3D7080945F281 /* Pods-TabBar Custom.debug.xcconfig */ = {isa = PBXFileReference; includeInIndex = 1; lastKnownFileType = text.xcconfig; name = "Pods-TabBar Custom.debug.xcconfig"; path = "Target Support Files/Pods-TabBar Custom/Pods-TabBar Custom.debug.xcconfig"; sourceTree = "<group>"; };
		0F4A8720A1BFE2E9AEAD253A /* Pods-TabBar Custom.release.xcconfig */ = {isa = PBXFileReference; includeInIndex = 1; lastKnownFileType = text.xcconfig; name = "Pods-TabBar Custom.release.xcconfig"; path = "Target Support Files/Pods-TabBar Custom/Pods-TabBar Custom.release.xcconfig"; sourceTree = "<group>"; };
		1606116B2260B29F003CE493 /* TabBar Custom.app */ = {isa = PBXFileReference; explicitFileType = wrapper.application; includeInIndex = 0; path = "TabBar Custom.app"; sourceTree = BUILT_PRODUCTS_DIR; };
		1606116E2260B29F003CE493 /* AppDelegate.swift */ = {isa = PBXFileReference; lastKnownFileType = sourcecode.swift; path = AppDelegate.swift; sourceTree = "<group>"; };
		160611702260B29F003CE493 /* ViewController.swift */ = {isa = PBXFileReference; lastKnownFileType = sourcecode.swift; path = ViewController.swift; sourceTree = "<group>"; };
		160611732260B29F003CE493 /* Base */ = {isa = PBXFileReference; lastKnownFileType = file.storyboard; name = Base; path = Base.lproj/Main.storyboard; sourceTree = "<group>"; };
		160611752260B2A0003CE493 /* Assets.xcassets */ = {isa = PBXFileReference; lastKnownFileType = folder.assetcatalog; path = Assets.xcassets; sourceTree = "<group>"; };
		160611782260B2A0003CE493 /* Base */ = {isa = PBXFileReference; lastKnownFileType = file.storyboard; name = Base; path = Base.lproj/LaunchScreen.storyboard; sourceTree = "<group>"; };
		1606117A2260B2A0003CE493 /* Info.plist */ = {isa = PBXFileReference; lastKnownFileType = text.plist.xml; path = Info.plist; sourceTree = "<group>"; };
		16D2ED4A2271D34D00C4D131 /* SettingViewController.swift */ = {isa = PBXFileReference; lastKnownFileType = sourcecode.swift; path = SettingViewController.swift; sourceTree = "<group>"; };
		16D2ED4C2271DDC000C4D131 /* ProfileViewController.swift */ = {isa = PBXFileReference; lastKnownFileType = sourcecode.swift; path = ProfileViewController.swift; sourceTree = "<group>"; };
		16D2ED4E2271E04300C4D131 /* RemainderViewController.swift */ = {isa = PBXFileReference; lastKnownFileType = sourcecode.swift; path = RemainderViewController.swift; sourceTree = "<group>"; };
		16D2ED522271E90800C4D131 /* FAQViewController.swift */ = {isa = PBXFileReference; lastKnownFileType = sourcecode.swift; path = FAQViewController.swift; sourceTree = "<group>"; };
		16D2ED542271E9AD00C4D131 /* AboutUsViewController.swift */ = {isa = PBXFileReference; lastKnownFileType = sourcecode.swift; path = AboutUsViewController.swift; sourceTree = "<group>"; };
		16DB03382272E90A003EEDE3 /* HomeViewController.swift */ = {isa = PBXFileReference; lastKnownFileType = sourcecode.swift; path = HomeViewController.swift; sourceTree = "<group>"; };
/* End PBXFileReference section */

/* Begin PBXFrameworksBuildPhase section */
		160611682260B29F003CE493 /* Frameworks */ = {
			isa = PBXFrameworksBuildPhase;
			buildActionMask = 2147483647;
			files = (
				E9976337F1A77419BF6C79E9 /* Pods_TabBar_Custom.framework in Frameworks */,
			);
			runOnlyForDeploymentPostprocessing = 0;
		};
/* End PBXFrameworksBuildPhase section */

/* Begin PBXGroup section */
		160611622260B29F003CE493 = {
			isa = PBXGroup;
			children = (
				1606116D2260B29F003CE493 /* TabBar Custom */,
				1606116C2260B29F003CE493 /* Products */,
				29165762456033E912A3C94C /* Pods */,
				C283F1A592C0C458D4932791 /* Frameworks */,
			);
			sourceTree = "<group>";
		};
		1606116C2260B29F003CE493 /* Products */ = {
			isa = PBXGroup;
			children = (
				1606116B2260B29F003CE493 /* TabBar Custom.app */,
			);
			name = Products;
			sourceTree = "<group>";
		};
		1606116D2260B29F003CE493 /* TabBar Custom */ = {
			isa = PBXGroup;
			children = (
				1606116E2260B29F003CE493 /* AppDelegate.swift */,
				160611702260B29F003CE493 /* ViewController.swift */,
				160611722260B29F003CE493 /* Main.storyboard */,
				160611752260B2A0003CE493 /* Assets.xcassets */,
				160611772260B2A0003CE493 /* LaunchScreen.storyboard */,
				1606117A2260B2A0003CE493 /* Info.plist */,
				16D2ED4A2271D34D00C4D131 /* SettingViewController.swift */,
				16D2ED4C2271DDC000C4D131 /* ProfileViewController.swift */,
				16D2ED4E2271E04300C4D131 /* RemainderViewController.swift */,
				16D2ED522271E90800C4D131 /* FAQViewController.swift */,
				16D2ED542271E9AD00C4D131 /* AboutUsViewController.swift */,
				16DB03382272E90A003EEDE3 /* HomeViewController.swift */,
			);
			path = "TabBar Custom";
			sourceTree = "<group>";
		};
		29165762456033E912A3C94C /* Pods */ = {
			isa = PBXGroup;
			children = (
				0CE427133AC3D7080945F281 /* Pods-TabBar Custom.debug.xcconfig */,
				0F4A8720A1BFE2E9AEAD253A /* Pods-TabBar Custom.release.xcconfig */,
			);
			name = Pods;
			path = Pods;
			sourceTree = "<group>";
		};
		C283F1A592C0C458D4932791 /* Frameworks */ = {
			isa = PBXGroup;
			children = (
				09CB664CAF63C229AC4C21DD /* Pods_TabBar_Custom.framework */,
			);
			name = Frameworks;
			sourceTree = "<group>";
		};
/* End PBXGroup section */

/* Begin PBXNativeTarget section */
		1606116A2260B29F003CE493 /* TabBar Custom */ = {
			isa = PBXNativeTarget;
			buildConfigurationList = 1606117D2260B2A0003CE493 /* Build configuration list for PBXNativeTarget "TabBar Custom" */;
			buildPhases = (
				8D619D9F48AE5F8B67C6F607 /* [CP] Check Pods Manifest.lock */,
				160611672260B29F003CE493 /* Sources */,
				160611682260B29F003CE493 /* Frameworks */,
				160611692260B29F003CE493 /* Resources */,
				CEF2D2B78182043BCAE58F0C /* [CP] Embed Pods Frameworks */,
			);
			buildRules = (
			);
			dependencies = (
			);
			name = "TabBar Custom";
			productName = "TabBar Custom";
			productReference = 1606116B2260B29F003CE493 /* TabBar Custom.app */;
			productType = "com.apple.product-type.application";
		};
/* End PBXNativeTarget section */

/* Begin PBXProject section */
		160611632260B29F003CE493 /* Project object */ = {
			isa = PBXProject;
			attributes = {
				LastSwiftUpdateCheck = 1020;
				LastUpgradeCheck = 1020;
				ORGANIZATIONNAME = "Syamsul Falah";
				TargetAttributes = {
					1606116A2260B29F003CE493 = {
						CreatedOnToolsVersion = 10.2;
					};
				};
			};
			buildConfigurationList = 160611662260B29F003CE493 /* Build configuration list for PBXProject "TabBar Custom" */;
			compatibilityVersion = "Xcode 9.3";
			developmentRegion = en;
			hasScannedForEncodings = 0;
			knownRegions = (
				en,
				Base,
			);
			mainGroup = 160611622260B29F003CE493;
			productRefGroup = 1606116C2260B29F003CE493 /* Products */;
			projectDirPath = "";
			projectRoot = "";
			targets = (
				1606116A2260B29F003CE493 /* TabBar Custom */,
			);
		};
/* End PBXProject section */

/* Begin PBXResourcesBuildPhase section */
		160611692260B29F003CE493 /* Resources */ = {
			isa = PBXResourcesBuildPhase;
			buildActionMask = 2147483647;
			files = (
				160611792260B2A0003CE493 /* LaunchScreen.storyboard in Resources */,
				160611762260B2A0003CE493 /* Assets.xcassets in Resources */,
				160611742260B29F003CE493 /* Main.storyboard in Resources */,
			);
			runOnlyForDeploymentPostprocessing = 0;
		};
/* End PBXResourcesBuildPhase section */

/* Begin PBXShellScriptBuildPhase section */
		8D619D9F48AE5F8B67C6F607 /* [CP] Check Pods Manifest.lock */ = {
			isa = PBXShellScriptBuildPhase;
			buildActionMask = 2147483647;
			files = (
			);
			inputFileListPaths = (
			);
			inputPaths = (
				"${PODS_PODFILE_DIR_PATH}/Podfile.lock",
				"${PODS_ROOT}/Manifest.lock",
			);
			name = "[CP] Check Pods Manifest.lock";
			outputFileListPaths = (
			);
			outputPaths = (
				"$(DERIVED_FILE_DIR)/Pods-TabBar Custom-checkManifestLockResult.txt",
			);
			runOnlyForDeploymentPostprocessing = 0;
			shellPath = /bin/sh;
			shellScript = "diff \"${PODS_PODFILE_DIR_PATH}/Podfile.lock\" \"${PODS_ROOT}/Manifest.lock\" > /dev/null\nif [ $? != 0 ] ; then\n    # print error to STDERR\n    echo \"error: The sandbox is not in sync with the Podfile.lock. Run 'pod install' or update your CocoaPods installation.\" >&2\n    exit 1\nfi\n# This output is used by Xcode 'outputs' to avoid re-running this script phase.\necho \"SUCCESS\" > \"${SCRIPT_OUTPUT_FILE_0}\"\n";
			showEnvVarsInLog = 0;
		};
		CEF2D2B78182043BCAE58F0C /* [CP] Embed Pods Frameworks */ = {
			isa = PBXShellScriptBuildPhase;
			buildActionMask = 2147483647;
			files = (
			);
			inputFileListPaths = (
			);
			inputPaths = (
				"${PODS_ROOT}/Target Support Files/Pods-TabBar Custom/Pods-TabBar Custom-frameworks.sh",
				"${BUILT_PRODUCTS_DIR}/Alamofire/Alamofire.framework",
				"${BUILT_PRODUCTS_DIR}/Realm/Realm.framework",
				"${BUILT_PRODUCTS_DIR}/RealmSwift/RealmSwift.framework",
				"${BUILT_PRODUCTS_DIR}/SwiftyJSON/SwiftyJSON.framework",
			);
			name = "[CP] Embed Pods Frameworks";
			outputFileListPaths = (
			);
			outputPaths = (
				"${TARGET_BUILD_DIR}/${FRAMEWORKS_FOLDER_PATH}/Alamofire.framework",
				"${TARGET_BUILD_DIR}/${FRAMEWORKS_FOLDER_PATH}/Realm.framework",
				"${TARGET_BUILD_DIR}/${FRAMEWORKS_FOLDER_PATH}/RealmSwift.framework",
				"${TARGET_BUILD_DIR}/${FRAMEWORKS_FOLDER_PATH}/SwiftyJSON.framework",
			);
			runOnlyForDeploymentPostprocessing = 0;
			shellPath = /bin/sh;
			shellScript = "\"${PODS_ROOT}/Target Support Files/Pods-TabBar Custom/Pods-TabBar Custom-frameworks.sh\"\n";
			showEnvVarsInLog = 0;
		};
/* End PBXShellScriptBuildPhase section */

/* Begin PBXSourcesBuildPhase section */
		160611672260B29F003CE493 /* Sources */ = {
			isa = PBXSourcesBuildPhase;
			buildActionMask = 2147483647;
			files = (
				16D2ED552271E9AD00C4D131 /* AboutUsViewController.swift in Sources */,
				160611712260B29F003CE493 /* ViewController.swift in Sources */,
				16D2ED4F2271E04300C4D131 /* RemainderViewController.swift in Sources */,
				16DB03392272E90A003EEDE3 /* HomeViewController.swift in Sources */,
				1606116F2260B29F003CE493 /* AppDelegate.swift in Sources */,
				16D2ED4D2271DDC000C4D131 /* ProfileViewController.swift in Sources */,
				16D2ED532271E90800C4D131 /* FAQViewController.swift in Sources */,
				16D2ED4B2271D34D00C4D131 /* SettingViewController.swift in Sources */,
			);
			runOnlyForDeploymentPostprocessing = 0;
		};
/* End PBXSourcesBuildPhase section */

/* Begin PBXVariantGroup section */
		160611722260B29F003CE493 /* Main.storyboard */ = {
			isa = PBXVariantGroup;
			children = (
				160611732260B29F003CE493 /* Base */,
			);
			name = Main.storyboard;
			sourceTree = "<group>";
		};
		160611772260B2A0003CE493 /* LaunchScreen.storyboard */ = {
			isa = PBXVariantGroup;
			children = (
				160611782260B2A0003CE493 /* Base */,
			);
			name = LaunchScreen.storyboard;
			sourceTree = "<group>";
		};
/* End PBXVariantGroup section */

/* Begin XCBuildConfiguration section */
		1606117B2260B2A0003CE493 /* Debug */ = {
			isa = XCBuildConfiguration;
			buildSettings = {
				ALWAYS_SEARCH_USER_PATHS = NO;
				CLANG_ANALYZER_NONNULL = YES;
				CLANG_ANALYZER_NUMBER_OBJECT_CONVERSION = YES_AGGRESSIVE;
				CLANG_CXX_LANGUAGE_STANDARD = "gnu++14";
				CLANG_CXX_LIBRARY = "libc++";
				CLANG_ENABLE_MODULES = YES;
				CLANG_ENABLE_OBJC_ARC = YES;
				CLANG_ENABLE_OBJC_WEAK = YES;
				CLANG_WARN_BLOCK_CAPTURE_AUTORELEASING = YES;
				CLANG_WARN_BOOL_CONVERSION = YES;
				CLANG_WARN_COMMA = YES;
				CLANG_WARN_CONSTANT_CONVERSION = YES;
				CLANG_WARN_DEPRECATED_OBJC_IMPLEMENTATIONS = YES;
				CLANG_WARN_DIRECT_OBJC_ISA_USAGE = YES_ERROR;
				CLANG_WARN_DOCUMENTATION_COMMENTS = YES;
				CLANG_WARN_EMPTY_BODY = YES;
				CLANG_WARN_ENUM_CONVERSION = YES;
				CLANG_WARN_INFINITE_RECURSION = YES;
				CLANG_WARN_INT_CONVERSION = YES;
				CLANG_WARN_NON_LITERAL_NULL_CONVERSION = YES;
				CLANG_WARN_OBJC_IMPLICIT_RETAIN_SELF = YES;
				CLANG_WARN_OBJC_LITERAL_CONVERSION = YES;
				CLANG_WARN_OBJC_ROOT_CLASS = YES_ERROR;
				CLANG_WARN_RANGE_LOOP_ANALYSIS = YES;
				CLANG_WARN_STRICT_PROTOTYPES = YES;
				CLANG_WARN_SUSPICIOUS_MOVE = YES;
				CLANG_WARN_UNGUARDED_AVAILABILITY = YES_AGGRESSIVE;
				CLANG_WARN_UNREACHABLE_CODE = YES;
				CLANG_WARN__DUPLICATE_METHOD_MATCH = YES;
				CODE_SIGN_IDENTITY = "iPhone Developer";
				COPY_PHASE_STRIP = NO;
				DEBUG_INFORMATION_FORMAT = dwarf;
				ENABLE_STRICT_OBJC_MSGSEND = YES;
				ENABLE_TESTABILITY = YES;
				GCC_C_LANGUAGE_STANDARD = gnu11;
				GCC_DYNAMIC_NO_PIC = NO;
				GCC_NO_COMMON_BLOCKS = YES;
				GCC_OPTIMIZATION_LEVEL = 0;
				GCC_PREPROCESSOR_DEFINITIONS = (
					"DEBUG=1",
					"$(inherited)",
				);
				GCC_WARN_64_TO_32_BIT_CONVERSION = YES;
				GCC_WARN_ABOUT_RETURN_TYPE = YES_ERROR;
				GCC_WARN_UNDECLARED_SELECTOR = YES;
				GCC_WARN_UNINITIALIZED_AUTOS = YES_AGGRESSIVE;
				GCC_WARN_UNUSED_FUNCTION = YES;
				GCC_WARN_UNUSED_VARIABLE = YES;
				IPHONEOS_DEPLOYMENT_TARGET = 12.2;
				MTL_ENABLE_DEBUG_INFO = INCLUDE_SOURCE;
				MTL_FAST_MATH = YES;
				ONLY_ACTIVE_ARCH = YES;
				SDKROOT = iphoneos;
				SWIFT_ACTIVE_COMPILATION_CONDITIONS = DEBUG;
				SWIFT_OPTIMIZATION_LEVEL = "-Onone";
			};
			name = Debug;
		};
		1606117C2260B2A0003CE493 /* Release */ = {
			isa = XCBuildConfiguration;
			buildSettings = {
				ALWAYS_SEARCH_USER_PATHS = NO;
				CLANG_ANALYZER_NONNULL = YES;
				CLANG_ANALYZER_NUMBER_OBJECT_CONVERSION = YES_AGGRESSIVE;
				CLANG_CXX_LANGUAGE_STANDARD = "gnu++14";
				CLANG_CXX_LIBRARY = "libc++";
				CLANG_ENABLE_MODULES = YES;
				CLANG_ENABLE_OBJC_ARC = YES;
				CLANG_ENABLE_OBJC_WEAK = YES;
				CLANG_WARN_BLOCK_CAPTURE_AUTORELEASING = YES;
				CLANG_WARN_BOOL_CONVERSION = YES;
				CLANG_WARN_COMMA = YES;
				CLANG_WARN_CONSTANT_CONVERSION = YES;
				CLANG_WARN_DEPRECATED_OBJC_IMPLEMENTATIONS = YES;
				CLANG_WARN_DIRECT_OBJC_ISA_USAGE = YES_ERROR;
				CLANG_WARN_DOCUMENTATION_COMMENTS = YES;
				CLANG_WARN_EMPTY_BODY = YES;
				CLANG_WARN_ENUM_CONVERSION = YES;
				CLANG_WARN_INFINITE_RECURSION = YES;
				CLANG_WARN_INT_CONVERSION = YES;
				CLANG_WARN_NON_LITERAL_NULL_CONVERSION = YES;
				CLANG_WARN_OBJC_IMPLICIT_RETAIN_SELF = YES;
				CLANG_WARN_OBJC_LITERAL_CONVERSION = YES;
				CLANG_WARN_OBJC_ROOT_CLASS = YES_ERROR;
				CLANG_WARN_RANGE_LOOP_ANALYSIS = YES;
				CLANG_WARN_STRICT_PROTOTYPES = YES;
				CLANG_WARN_SUSPICIOUS_MOVE = YES;
				CLANG_WARN_UNGUARDED_AVAILABILITY = YES_AGGRESSIVE;
				CLANG_WARN_UNREACHABLE_CODE = YES;
				CLANG_WARN__DUPLICATE_METHOD_MATCH = YES;
				CODE_SIGN_IDENTITY = "iPhone Developer";
				COPY_PHASE_STRIP = NO;
				DEBUG_INFORMATION_FORMAT = "dwarf-with-dsym";
				ENABLE_NS_ASSERTIONS = NO;
				ENABLE_STRICT_OBJC_MSGSEND = YES;
				GCC_C_LANGUAGE_STANDARD = gnu11;
				GCC_NO_COMMON_BLOCKS = YES;
				GCC_WARN_64_TO_32_BIT_CONVERSION = YES;
				GCC_WARN_ABOUT_RETURN_TYPE = YES_ERROR;
				GCC_WARN_UNDECLARED_SELECTOR = YES;
				GCC_WARN_UNINITIALIZED_AUTOS = YES_AGGRESSIVE;
				GCC_WARN_UNUSED_FUNCTION = YES;
				GCC_WARN_UNUSED_VARIABLE = YES;
				IPHONEOS_DEPLOYMENT_TARGET = 12.2;
				MTL_ENABLE_DEBUG_INFO = NO;
				MTL_FAST_MATH = YES;
				SDKROOT = iphoneos;
				SWIFT_COMPILATION_MODE = wholemodule;
				SWIFT_OPTIMIZATION_LEVEL = "-O";
				VALIDATE_PRODUCT = YES;
			};
			name = Release;
		};
		1606117E2260B2A0003CE493 /* Debug */ = {
			isa = XCBuildConfiguration;
			baseConfigurationReference = 0CE427133AC3D7080945F281 /* Pods-TabBar Custom.debug.xcconfig */;
			buildSettings = {
				ASSETCATALOG_COMPILER_APPICON_NAME = AppIcon;
				CODE_SIGN_STYLE = Automatic;
				DEVELOPMENT_TEAM = L2RW8586XY;
				INFOPLIST_FILE = "TabBar Custom/Info.plist";
				LD_RUNPATH_SEARCH_PATHS = (
					"$(inherited)",
					"@executable_path/Frameworks",
				);
				PRODUCT_BUNDLE_IDENTIFIER = "falahsy.TabBar-Custom";
				PRODUCT_NAME = "$(TARGET_NAME)";
				SWIFT_VERSION = 5.0;
				TARGETED_DEVICE_FAMILY = "1,2";
			};
			name = Debug;
		};
		1606117F2260B2A0003CE493 /* Release */ = {
			isa = XCBuildConfiguration;
			baseConfigurationReference = 0F4A8720A1BFE2E9AEAD253A /* Pods-TabBar Custom.release.xcconfig */;
			buildSettings = {
				ASSETCATALOG_COMPILER_APPICON_NAME = AppIcon;
				CODE_SIGN_STYLE = Automatic;
				DEVELOPMENT_TEAM = L2RW8586XY;
				INFOPLIST_FILE = "TabBar Custom/Info.plist";
				LD_RUNPATH_SEARCH_PATHS = (
					"$(inherited)",
					"@executable_path/Frameworks",
				);
				PRODUCT_BUNDLE_IDENTIFIER = "falahsy.TabBar-Custom";
				PRODUCT_NAME = "$(TARGET_NAME)";
				SWIFT_VERSION = 5.0;
				TARGETED_DEVICE_FAMILY = "1,2";
			};
			name = Release;
		};
/* End XCBuildConfiguration section */

/* Begin XCConfigurationList section */
		160611662260B29F003CE493 /* Build configuration list for PBXProject "TabBar Custom" */ = {
			isa = XCConfigurationList;
			buildConfigurations = (
				1606117B2260B2A0003CE493 /* Debug */,
				1606117C2260B2A0003CE493 /* Release */,
			);
			defaultConfigurationIsVisible = 0;
			defaultConfigurationName = Release;
		};
		1606117D2260B2A0003CE493 /* Build configuration list for PBXNativeTarget "TabBar Custom" */ = {
			isa = XCConfigurationList;
			buildConfigurations = (
				1606117E2260B2A0003CE493 /* Debug */,
				1606117F2260B2A0003CE493 /* Release */,
			);
			defaultConfigurationIsVisible = 0;
			defaultConfigurationName = Release;
		};
/* End XCConfigurationList section */
	};
	rootObject = 160611632260B29F003CE493 /* Project object */;
}
